
Microsoft Visual Studio Solution File, Format Version 12.00
# Visual Studio Version 16
VisualStudioVersion = 16.0.30804.86
MinimumVisualStudioVersion = 10.0.40219.1
Project("{8BC9CEB8-8B4A-11D0-8D11-00A0C91BC942}") = "Hangman", "Hangman.vcxproj", "{379E4E5C-DF4B-4107-8459-B67B65AFA1D9}"
EndProject
Global
	GlobalSection(SolutionConfigurationPlatforms) = preSolution
		Debug|x64 = Debug|x64
		Debug|x86 = Debug|x86
		Release|x64 = Release|x64
		Release|x86 = Release|x86
	EndGlobalSection
	GlobalSection(ProjectConfigurationPlatforms) = postSolution
		{379E4E5C-DF4B-4107-8459-B67B65AFA1D9}.Debug|x64.ActiveCfg = Debug|x64
		{379E4E5C-DF4B-4107-8459-B67B65AFA1D9}.Debug|x64.Build.0 = Debug|x64
		{379E4E5C-DF4B-4107-8459-B67B65AFA1D9}.Debug|x86.ActiveCfg = Debug|Win32
		{379E4E5C-DF4B-4107-8459-B67B65AFA1D9}.Debug|x86.Build.0 = Debug|Win32
		{379E4E5C-DF4B-4107-8459-B67B65AFA1D9}.Release|x64.ActiveCfg = Release|x64
		{379E4E5C-DF4B-4107-8459-B67B65AFA1D9}.Release|x64.Build.0 = Release|x64
		{379E4E5C-DF4B-4107-8459-B67B65AFA1D9}.Release|x86.ActiveCfg = Release|Win32
		{379E4E5C-DF4B-4107-8459-B67B65AFA1D9}.Release|x86.Build.0 = Release|Win32
	EndGlobalSection
	GlobalSection(SolutionProperties) = preSolution
		HideSolutionNode = FALSE
	EndGlobalSection
	GlobalSection(ExtensibilityGlobals) = postSolution
		SolutionGuid = {D781FE0E-46CF-426E-B11D-559DF8167993}
	EndGlobalSection
EndGlobal
